
Microsoft Visual Studio Solution File, Format Version 12.00
# Visual Studio Version 16
VisualStudioVersion = 16.0.29519.87
MinimumVisualStudioVersion = 10.0.40219.1
Project("{FAE04EC0-301F-11D3-BF4B-00C04F79EFBC}") = "ShopApp", "ShopApp\ShopApp.csproj", "{E6187B23-7D3D-4531-B65C-5E771B3ED666}"
EndProject
Global
	GlobalSection(SolutionConfigurationPlatforms) = preSolution
		Debug|Any CPU = Debug|Any CPU
		Release|Any CPU = Release|Any CPU
	EndGlobalSection
	GlobalSection(ProjectConfigurationPlatforms) = postSolution
		{E6187B23-7D3D-4531-B65C-5E771B3ED666}.Debug|Any CPU.ActiveCfg = Debug|Any CPU
		{E6187B23-7D3D-4531-B65C-5E771B3ED666}.Debug|Any CPU.Build.0 = Debug|Any CPU
		{E6187B23-7D3D-4531-B65C-5E771B3ED666}.Release|Any CPU.ActiveCfg = Release|Any CPU
		{E6187B23-7D3D-4531-B65C-5E771B3ED666}.Release|Any CPU.Build.0 = Release|Any CPU
	EndGlobalSection
	GlobalSection(SolutionProperties) = preSolution
		HideSolutionNode = FALSE
	EndGlobalSection
	GlobalSection(ExtensibilityGlobals) = postSolution
		SolutionGuid = {077E4A72-ACD5-4B69-8330-C04581AE4134}
	EndGlobalSection
EndGlobal
